// !$*UTF8*$!
{
	archiveVersion = 1;
	classes = {
	};
	objectVersion = 46;
	objects = {

/* Begin PBXBuildFile section */
		75F80FC61F43C3E200F8C3FD /* AppDelegate.swift in Sources */ = {isa = PBXBuildFile; fileRef = 75F80FC51F43C3E200F8C3FD /* AppDelegate.swift */; };
		75F80FCD1F43C3E200F8C3FD /* Assets.xcassets in Resources */ = {isa = PBXBuildFile; fileRef = 75F80FCC1F43C3E200F8C3FD /* Assets.xcassets */; };
		75F80FDF1F43C71400F8C3FD /* LaunchScreen.storyboard in Resources */ = {isa = PBXBuildFile; fileRef = 75F80FCE1F43C3E200F8C3FD /* LaunchScreen.storyboard */; };
		75F80FE01F43C71400F8C3FD /* Main.storyboard in Resources */ = {isa = PBXBuildFile; fileRef = 75F80FC91F43C3E200F8C3FD /* Main.storyboard */; };
		EE937A4AD266DB45473F2CCB /* Pods_TradeMeTest.framework in Frameworks */ = {isa = PBXBuildFile; fileRef = D2CFEEEF4F9B7E17AA71BB85 /* Pods_TradeMeTest.framework */; };
/* End PBXBuildFile section */

/* Begin PBXFileReference section */
		75F80FC21F43C3E200F8C3FD /* TradeMeTest.app */ = {isa = PBXFileReference; explicitFileType = wrapper.application; includeInIndex = 0; path = TradeMeTest.app; sourceTree = BUILT_PRODUCTS_DIR; };
		75F80FC51F43C3E200F8C3FD /* AppDelegate.swift */ = {isa = PBXFileReference; lastKnownFileType = sourcecode.swift; path = AppDelegate.swift; sourceTree = "<group>"; };
		75F80FCA1F43C3E200F8C3FD /* Base */ = {isa = PBXFileReference; lastKnownFileType = file.storyboard; name = Base; path = Base.lproj/Main.storyboard; sourceTree = "<group>"; };
		75F80FCC1F43C3E200F8C3FD /* Assets.xcassets */ = {isa = PBXFileReference; lastKnownFileType = folder.assetcatalog; path = Assets.xcassets; sourceTree = "<group>"; };
		75F80FCF1F43C3E200F8C3FD /* Base */ = {isa = PBXFileReference; lastKnownFileType = file.storyboard; name = Base; path = Base.lproj/LaunchScreen.storyboard; sourceTree = "<group>"; };
		75F80FD11F43C3E200F8C3FD /* Info.plist */ = {isa = PBXFileReference; lastKnownFileType = text.plist.xml; path = Info.plist; sourceTree = "<group>"; };
		75F80FD91F43C6EE00F8C3FD /* .swiftlint.yml */ = {isa = PBXFileReference; fileEncoding = 4; lastKnownFileType = text; path = .swiftlint.yml; sourceTree = "<group>"; };
		75F80FDA1F43C6EE00F8C3FD /* Gemfile */ = {isa = PBXFileReference; fileEncoding = 4; lastKnownFileType = text; path = Gemfile; sourceTree = "<group>"; };
		75F80FDB1F43C6EE00F8C3FD /* .gitignore */ = {isa = PBXFileReference; fileEncoding = 4; lastKnownFileType = text; path = .gitignore; sourceTree = "<group>"; };
		855AAA6814D08D998E44E3FE /* Pods-TradeMeTest.debug.xcconfig */ = {isa = PBXFileReference; includeInIndex = 1; lastKnownFileType = text.xcconfig; name = "Pods-TradeMeTest.debug.xcconfig"; path = "Pods/Target Support Files/Pods-TradeMeTest/Pods-TradeMeTest.debug.xcconfig"; sourceTree = "<group>"; };
		9F4785C5BEA625CF7E646709 /* Pods-TradeMeTest.release.xcconfig */ = {isa = PBXFileReference; includeInIndex = 1; lastKnownFileType = text.xcconfig; name = "Pods-TradeMeTest.release.xcconfig"; path = "Pods/Target Support Files/Pods-TradeMeTest/Pods-TradeMeTest.release.xcconfig"; sourceTree = "<group>"; };
		D2CFEEEF4F9B7E17AA71BB85 /* Pods_TradeMeTest.framework */ = {isa = PBXFileReference; explicitFileType = wrapper.framework; includeInIndex = 0; path = Pods_TradeMeTest.framework; sourceTree = BUILT_PRODUCTS_DIR; };
/* End PBXFileReference section */

/* Begin PBXFrameworksBuildPhase section */
		75F80FBF1F43C3E200F8C3FD /* Frameworks */ = {
			isa = PBXFrameworksBuildPhase;
			buildActionMask = 2147483647;
			files = (
				EE937A4AD266DB45473F2CCB /* Pods_TradeMeTest.framework in Frameworks */,
			);
			runOnlyForDeploymentPostprocessing = 0;
		};
/* End PBXFrameworksBuildPhase section */

/* Begin PBXGroup section */
		75F80FB91F43C3E200F8C3FD = {
			isa = PBXGroup;
			children = (
				75F80FC31F43C3E200F8C3FD /* Products */,
				75F80FC41F43C3E200F8C3FD /* TradeMeTest */,
				75F80FDB1F43C6EE00F8C3FD /* .gitignore */,
				75F80FD91F43C6EE00F8C3FD /* .swiftlint.yml */,
				75F80FDA1F43C6EE00F8C3FD /* Gemfile */,
				D8D5942E7ACC42A98759DAAC /* Pods */,
				CFF63574230C5358999C2D1E /* Frameworks */,
			);
			sourceTree = "<group>";
		};
		75F80FC31F43C3E200F8C3FD /* Products */ = {
			isa = PBXGroup;
			children = (
				75F80FC21F43C3E200F8C3FD /* TradeMeTest.app */,
			);
			name = Products;
			sourceTree = "<group>";
		};
		75F80FC41F43C3E200F8C3FD /* TradeMeTest */ = {
			isa = PBXGroup;
			children = (
				75F80FD81F43C68300F8C3FD /* Application */,
				75F80FD71F43C67300F8C3FD /* Supporting Files */,
			);
			path = TradeMeTest;
			sourceTree = "<group>";
		};
		75F80FD71F43C67300F8C3FD /* Supporting Files */ = {
			isa = PBXGroup;
			children = (
				75F80FCC1F43C3E200F8C3FD /* Assets.xcassets */,
				75F80FD11F43C3E200F8C3FD /* Info.plist */,
				75F80FCE1F43C3E200F8C3FD /* LaunchScreen.storyboard */,
				75F80FC91F43C3E200F8C3FD /* Main.storyboard */,
			);
			path = "Supporting Files";
			sourceTree = "<group>";
		};
		75F80FD81F43C68300F8C3FD /* Application */ = {
			isa = PBXGroup;
			children = (
				75F80FC51F43C3E200F8C3FD /* AppDelegate.swift */,
			);
			path = Application;
			sourceTree = "<group>";
		};
		CFF63574230C5358999C2D1E /* Frameworks */ = {
			isa = PBXGroup;
			children = (
				D2CFEEEF4F9B7E17AA71BB85 /* Pods_TradeMeTest.framework */,
			);
			name = Frameworks;
			sourceTree = "<group>";
		};
		D8D5942E7ACC42A98759DAAC /* Pods */ = {
			isa = PBXGroup;
			children = (
				855AAA6814D08D998E44E3FE /* Pods-TradeMeTest.debug.xcconfig */,
				9F4785C5BEA625CF7E646709 /* Pods-TradeMeTest.release.xcconfig */,
			);
			name = Pods;
			sourceTree = "<group>";
		};
/* End PBXGroup section */

/* Begin PBXNativeTarget section */
		75F80FC11F43C3E200F8C3FD /* TradeMeTest */ = {
			isa = PBXNativeTarget;
			buildConfigurationList = 75F80FD41F43C3E200F8C3FD /* Build configuration list for PBXNativeTarget "TradeMeTest" */;
			buildPhases = (
				E197803DC4E7D4B898EFBA5E /* [CP] Check Pods Manifest.lock */,
				75F80FE11F43C8F700F8C3FD /* SwiftLint */,
				75F80FBE1F43C3E200F8C3FD /* Sources */,
				75F80FBF1F43C3E200F8C3FD /* Frameworks */,
				75F80FC01F43C3E200F8C3FD /* Resources */,
				BAFBB6B8EAFBFEFE37DF805B /* [CP] Embed Pods Frameworks */,
				7E49AD94090547B534420428 /* [CP] Copy Pods Resources */,
			);
			buildRules = (
			);
			dependencies = (
			);
			name = TradeMeTest;
			productName = TradeMeTest;
			productReference = 75F80FC21F43C3E200F8C3FD /* TradeMeTest.app */;
			productType = "com.apple.product-type.application";
		};
/* End PBXNativeTarget section */

/* Begin PBXProject section */
		75F80FBA1F43C3E200F8C3FD /* Project object */ = {
			isa = PBXProject;
			attributes = {
				LastSwiftUpdateCheck = 0830;
				LastUpgradeCheck = 0830;
				ORGANIZATIONNAME = Noobish1;
				TargetAttributes = {
					75F80FC11F43C3E200F8C3FD = {
						CreatedOnToolsVersion = 8.3.2;
						DevelopmentTeam = 5FU3YAJNJH;
						ProvisioningStyle = Automatic;
					};
				};
			};
			buildConfigurationList = 75F80FBD1F43C3E200F8C3FD /* Build configuration list for PBXProject "TradeMeTest" */;
			compatibilityVersion = "Xcode 3.2";
			developmentRegion = English;
			hasScannedForEncodings = 0;
			knownRegions = (
				en,
				Base,
			);
			mainGroup = 75F80FB91F43C3E200F8C3FD;
			productRefGroup = 75F80FC31F43C3E200F8C3FD /* Products */;
			projectDirPath = "";
			projectRoot = "";
			targets = (
				75F80FC11F43C3E200F8C3FD /* TradeMeTest */,
			);
		};
/* End PBXProject section */

/* Begin PBXResourcesBuildPhase section */
		75F80FC01F43C3E200F8C3FD /* Resources */ = {
			isa = PBXResourcesBuildPhase;
			buildActionMask = 2147483647;
			files = (
				75F80FDF1F43C71400F8C3FD /* LaunchScreen.storyboard in Resources */,
				75F80FE01F43C71400F8C3FD /* Main.storyboard in Resources */,
				75F80FCD1F43C3E200F8C3FD /* Assets.xcassets in Resources */,
			);
			runOnlyForDeploymentPostprocessing = 0;
		};
/* End PBXResourcesBuildPhase section */

/* Begin PBXShellScriptBuildPhase section */
		75F80FE11F43C8F700F8C3FD /* SwiftLint */ = {
			isa = PBXShellScriptBuildPhase;
			buildActionMask = 2147483647;
			files = (
			);
			inputPaths = (
			);
			name = SwiftLint;
			outputPaths = (
			);
			runOnlyForDeploymentPostprocessing = 0;
			shellPath = /bin/sh;
			shellScript = "\"${PODS_ROOT}/SwiftLint/swiftlint\"";
		};
		7E49AD94090547B534420428 /* [CP] Copy Pods Resources */ = {
			isa = PBXShellScriptBuildPhase;
			buildActionMask = 2147483647;
			files = (
			);
			inputPaths = (
			);
			name = "[CP] Copy Pods Resources";
			outputPaths = (
			);
			runOnlyForDeploymentPostprocessing = 0;
			shellPath = /bin/sh;
			shellScript = "\"${SRCROOT}/Pods/Target Support Files/Pods-TradeMeTest/Pods-TradeMeTest-resources.sh\"\n";
			showEnvVarsInLog = 0;
		};
		BAFBB6B8EAFBFEFE37DF805B /* [CP] Embed Pods Frameworks */ = {
			isa = PBXShellScriptBuildPhase;
			buildActionMask = 2147483647;
			files = (
			);
			inputPaths = (
			);
			name = "[CP] Embed Pods Frameworks";
			outputPaths = (
			);
			runOnlyForDeploymentPostprocessing = 0;
			shellPath = /bin/sh;
			shellScript = "\"${SRCROOT}/Pods/Target Support Files/Pods-TradeMeTest/Pods-TradeMeTest-frameworks.sh\"\n";
			showEnvVarsInLog = 0;
		};
		E197803DC4E7D4B898EFBA5E /* [CP] Check Pods Manifest.lock */ = {
			isa = PBXShellScriptBuildPhase;
			buildActionMask = 2147483647;
			files = (
			);
			inputPaths = (
			);
			name = "[CP] Check Pods Manifest.lock";
			outputPaths = (
			);
			runOnlyForDeploymentPostprocessing = 0;
			shellPath = /bin/sh;
			shellScript = "diff \"${PODS_ROOT}/../Podfile.lock\" \"${PODS_ROOT}/Manifest.lock\" > /dev/null\nif [ $? != 0 ] ; then\n    # print error to STDERR\n    echo \"error: The sandbox is not in sync with the Podfile.lock. Run 'pod install' or update your CocoaPods installation.\" >&2\n    exit 1\nfi\n";
			showEnvVarsInLog = 0;
		};
/* End PBXShellScriptBuildPhase section */

/* Begin PBXSourcesBuildPhase section */
		75F80FBE1F43C3E200F8C3FD /* Sources */ = {
			isa = PBXSourcesBuildPhase;
			buildActionMask = 2147483647;
			files = (
				75F80FC61F43C3E200F8C3FD /* AppDelegate.swift in Sources */,
			);
			runOnlyForDeploymentPostprocessing = 0;
		};
/* End PBXSourcesBuildPhase section */

/* Begin PBXVariantGroup section */
		75F80FC91F43C3E200F8C3FD /* Main.storyboard */ = {
			isa = PBXVariantGroup;
			children = (
				75F80FCA1F43C3E200F8C3FD /* Base */,
			);
			name = Main.storyboard;
			path = .;
			sourceTree = "<group>";
		};
		75F80FCE1F43C3E200F8C3FD /* LaunchScreen.storyboard */ = {
			isa = PBXVariantGroup;
			children = (
				75F80FCF1F43C3E200F8C3FD /* Base */,
			);
			name = LaunchScreen.storyboard;
			path = .;
			sourceTree = "<group>";
		};
/* End PBXVariantGroup section */

/* Begin XCBuildConfiguration section */
		75F80FD21F43C3E200F8C3FD /* Debug */ = {
			isa = XCBuildConfiguration;
			buildSettings = {
				ALWAYS_SEARCH_USER_PATHS = NO;
				CLANG_ANALYZER_NONNULL = YES;
				CLANG_ANALYZER_NUMBER_OBJECT_CONVERSION = YES_AGGRESSIVE;
				CLANG_CXX_LANGUAGE_STANDARD = "gnu++0x";
				CLANG_CXX_LIBRARY = "libc++";
				CLANG_ENABLE_MODULES = YES;
				CLANG_ENABLE_OBJC_ARC = YES;
				CLANG_WARN_BOOL_CONVERSION = YES;
				CLANG_WARN_CONSTANT_CONVERSION = YES;
				CLANG_WARN_DIRECT_OBJC_ISA_USAGE = YES_ERROR;
				CLANG_WARN_DOCUMENTATION_COMMENTS = YES;
				CLANG_WARN_EMPTY_BODY = YES;
				CLANG_WARN_ENUM_CONVERSION = YES;
				CLANG_WARN_INFINITE_RECURSION = YES;
				CLANG_WARN_INT_CONVERSION = YES;
				CLANG_WARN_OBJC_ROOT_CLASS = YES_ERROR;
				CLANG_WARN_SUSPICIOUS_MOVE = YES;
				CLANG_WARN_UNREACHABLE_CODE = YES;
				CLANG_WARN__DUPLICATE_METHOD_MATCH = YES;
				"CODE_SIGN_IDENTITY[sdk=iphoneos*]" = "iPhone Developer";
				COPY_PHASE_STRIP = NO;
				DEBUG_INFORMATION_FORMAT = dwarf;
				ENABLE_STRICT_OBJC_MSGSEND = YES;
				ENABLE_TESTABILITY = YES;
				GCC_C_LANGUAGE_STANDARD = gnu99;
				GCC_DYNAMIC_NO_PIC = NO;
				GCC_NO_COMMON_BLOCKS = YES;
				GCC_OPTIMIZATION_LEVEL = 0;
				GCC_PREPROCESSOR_DEFINITIONS = (
					"DEBUG=1",
					"$(inherited)",
				);
				GCC_WARN_64_TO_32_BIT_CONVERSION = YES;
				GCC_WARN_ABOUT_RETURN_TYPE = YES_ERROR;
				GCC_WARN_UNDECLARED_SELECTOR = YES;
				GCC_WARN_UNINITIALIZED_AUTOS = YES_AGGRESSIVE;
				GCC_WARN_UNUSED_FUNCTION = YES;
				GCC_WARN_UNUSED_VARIABLE = YES;
				IPHONEOS_DEPLOYMENT_TARGET = 10.3;
				MTL_ENABLE_DEBUG_INFO = YES;
				ONLY_ACTIVE_ARCH = YES;
				SDKROOT = iphoneos;
				SWIFT_ACTIVE_COMPILATION_CONDITIONS = DEBUG;
				SWIFT_OPTIMIZATION_LEVEL = "-Onone";
				TARGETED_DEVICE_FAMILY = "1,2";
			};
			name = Debug;
		};
		75F80FD31F43C3E200F8C3FD /* Release */ = {
			isa = XCBuildConfiguration;
			buildSettings = {
				ALWAYS_SEARCH_USER_PATHS = NO;
				CLANG_ANALYZER_NONNULL = YES;
				CLANG_ANALYZER_NUMBER_OBJECT_CONVERSION = YES_AGGRESSIVE;
				CLANG_CXX_LANGUAGE_STANDARD = "gnu++0x";
				CLANG_CXX_LIBRARY = "libc++";
				CLANG_ENABLE_MODULES = YES;
				CLANG_ENABLE_OBJC_ARC = YES;
				CLANG_WARN_BOOL_CONVERSION = YES;
				CLANG_WARN_CONSTANT_CONVERSION = YES;
				CLANG_WARN_DIRECT_OBJC_ISA_USAGE = YES_ERROR;
				CLANG_WARN_DOCUMENTATION_COMMENTS = YES;
				CLANG_WARN_EMPTY_BODY = YES;
				CLANG_WARN_ENUM_CONVERSION = YES;
				CLANG_WARN_INFINITE_RECURSION = YES;
				CLANG_WARN_INT_CONVERSION = YES;
				CLANG_WARN_OBJC_ROOT_CLASS = YES_ERROR;
				CLANG_WARN_SUSPICIOUS_MOVE = YES;
				CLANG_WARN_UNREACHABLE_CODE = YES;
				CLANG_WARN__DUPLICATE_METHOD_MATCH = YES;
				"CODE_SIGN_IDENTITY[sdk=iphoneos*]" = "iPhone Developer";
				COPY_PHASE_STRIP = NO;
				DEBUG_INFORMATION_FORMAT = "dwarf-with-dsym";
				ENABLE_NS_ASSERTIONS = NO;
				ENABLE_STRICT_OBJC_MSGSEND = YES;
				GCC_C_LANGUAGE_STANDARD = gnu99;
				GCC_NO_COMMON_BLOCKS = YES;
				GCC_WARN_64_TO_32_BIT_CONVERSION = YES;
				GCC_WARN_ABOUT_RETURN_TYPE = YES_ERROR;
				GCC_WARN_UNDECLARED_SELECTOR = YES;
				GCC_WARN_UNINITIALIZED_AUTOS = YES_AGGRESSIVE;
				GCC_WARN_UNUSED_FUNCTION = YES;
				GCC_WARN_UNUSED_VARIABLE = YES;
				IPHONEOS_DEPLOYMENT_TARGET = 10.3;
				MTL_ENABLE_DEBUG_INFO = NO;
				SDKROOT = iphoneos;
				SWIFT_OPTIMIZATION_LEVEL = "-Owholemodule";
				TARGETED_DEVICE_FAMILY = "1,2";
				VALIDATE_PRODUCT = YES;
			};
			name = Release;
		};
		75F80FD51F43C3E200F8C3FD /* Debug */ = {
			isa = XCBuildConfiguration;
			baseConfigurationReference = 855AAA6814D08D998E44E3FE /* Pods-TradeMeTest.debug.xcconfig */;
			buildSettings = {
				ASSETCATALOG_COMPILER_APPICON_NAME = AppIcon;
				DEVELOPMENT_TEAM = 5FU3YAJNJH;
				INFOPLIST_FILE = "TradeMeTest/Supporting Files/Info.plist";
				LD_RUNPATH_SEARCH_PATHS = "$(inherited) @executable_path/Frameworks";
				PRODUCT_BUNDLE_IDENTIFIER = com.noobish1.TradeMeTest;
				PRODUCT_NAME = "$(TARGET_NAME)";
				SWIFT_VERSION = 3.0;
			};
			name = Debug;
		};
		75F80FD61F43C3E200F8C3FD /* Release */ = {
			isa = XCBuildConfiguration;
			baseConfigurationReference = 9F4785C5BEA625CF7E646709 /* Pods-TradeMeTest.release.xcconfig */;
			buildSettings = {
				ASSETCATALOG_COMPILER_APPICON_NAME = AppIcon;
				DEVELOPMENT_TEAM = 5FU3YAJNJH;
				INFOPLIST_FILE = "TradeMeTest/Supporting Files/Info.plist";
				LD_RUNPATH_SEARCH_PATHS = "$(inherited) @executable_path/Frameworks";
				PRODUCT_BUNDLE_IDENTIFIER = com.noobish1.TradeMeTest;
				PRODUCT_NAME = "$(TARGET_NAME)";
				SWIFT_VERSION = 3.0;
			};
			name = Release;
		};
/* End XCBuildConfiguration section */

/* Begin XCConfigurationList section */
		75F80FBD1F43C3E200F8C3FD /* Build configuration list for PBXProject "TradeMeTest" */ = {
			isa = XCConfigurationList;
			buildConfigurations = (
				75F80FD21F43C3E200F8C3FD /* Debug */,
				75F80FD31F43C3E200F8C3FD /* Release */,
			);
			defaultConfigurationIsVisible = 0;
			defaultConfigurationName = Release;
		};
		75F80FD41F43C3E200F8C3FD /* Build configuration list for PBXNativeTarget "TradeMeTest" */ = {
			isa = XCConfigurationList;
			buildConfigurations = (
				75F80FD51F43C3E200F8C3FD /* Debug */,
				75F80FD61F43C3E200F8C3FD /* Release */,
			);
			defaultConfigurationIsVisible = 0;
			defaultConfigurationName = Release;
		};
/* End XCConfigurationList section */
	};
	rootObject = 75F80FBA1F43C3E200F8C3FD /* Project object */;
}
